
Microsoft Visual Studio Solution File, Format Version 12.00
# Visual Studio Version 16
VisualStudioVersion = 16.0.29318.209
MinimumVisualStudioVersion = 10.0.40219.1
Project("{9A19103F-16F7-4668-BE54-9A1E7A4F7556}") = "RentalService.Web", "RentalService.Web\RentalService.Web.csproj", "{FDA32CD8-A465-4148-B78B-B276C0975492}"
EndProject
Project("{9A19103F-16F7-4668-BE54-9A1E7A4F7556}") = "RentalService.DAL", "RentalService.DAL\RentalService.DAL.csproj", "{97C4FC09-37C3-469A-9573-C79AE8106E03}"
EndProject
Project("{9A19103F-16F7-4668-BE54-9A1E7A4F7556}") = "RentalService.BL", "RentalService.BL\RentalService.BL.csproj", "{AD1C6F5B-F844-4576-96E5-A5F38B288353}"
EndProject
Global
	GlobalSection(SolutionConfigurationPlatforms) = preSolution
		Debug|Any CPU = Debug|Any CPU
		Release|Any CPU = Release|Any CPU
	EndGlobalSection
	GlobalSection(ProjectConfigurationPlatforms) = postSolution
		{FDA32CD8-A465-4148-B78B-B276C0975492}.Debug|Any CPU.ActiveCfg = Debug|Any CPU
		{FDA32CD8-A465-4148-B78B-B276C0975492}.Debug|Any CPU.Build.0 = Debug|Any CPU
		{FDA32CD8-A465-4148-B78B-B276C0975492}.Release|Any CPU.ActiveCfg = Release|Any CPU
		{FDA32CD8-A465-4148-B78B-B276C0975492}.Release|Any CPU.Build.0 = Release|Any CPU
		{97C4FC09-37C3-469A-9573-C79AE8106E03}.Debug|Any CPU.ActiveCfg = Debug|Any CPU
		{97C4FC09-37C3-469A-9573-C79AE8106E03}.Debug|Any CPU.Build.0 = Debug|Any CPU
		{97C4FC09-37C3-469A-9573-C79AE8106E03}.Release|Any CPU.ActiveCfg = Release|Any CPU
		{97C4FC09-37C3-469A-9573-C79AE8106E03}.Release|Any CPU.Build.0 = Release|Any CPU
		{AD1C6F5B-F844-4576-96E5-A5F38B288353}.Debug|Any CPU.ActiveCfg = Debug|Any CPU
		{AD1C6F5B-F844-4576-96E5-A5F38B288353}.Debug|Any CPU.Build.0 = Debug|Any CPU
		{AD1C6F5B-F844-4576-96E5-A5F38B288353}.Release|Any CPU.ActiveCfg = Release|Any CPU
		{AD1C6F5B-F844-4576-96E5-A5F38B288353}.Release|Any CPU.Build.0 = Release|Any CPU
	EndGlobalSection
	GlobalSection(SolutionProperties) = preSolution
		HideSolutionNode = FALSE
	EndGlobalSection
	GlobalSection(ExtensibilityGlobals) = postSolution
		SolutionGuid = {F1BEE94E-17AB-4B10-9265-76325257147C}
	EndGlobalSection
EndGlobal
